// !$*UTF8*$!
{
	archiveVersion = 1;
	classes = {
	};
	objectVersion = 56;
	objects = {

/* Begin PBXBuildFile section */
		52CB57672C84E3A700B29420 /* AppDelegate.swift in Sources */ = {isa = PBXBuildFile; fileRef = 52CB57662C84E3A700B29420 /* AppDelegate.swift */; };
		52CB57692C84E3A700B29420 /* SceneDelegate.swift in Sources */ = {isa = PBXBuildFile; fileRef = 52CB57682C84E3A700B29420 /* SceneDelegate.swift */; };
		52CB576B2C84E3A700B29420 /* ViewController.swift in Sources */ = {isa = PBXBuildFile; fileRef = 52CB576A2C84E3A700B29420 /* ViewController.swift */; };
		52CB576E2C84E3A700B29420 /* Base in Resources */ = {isa = PBXBuildFile; fileRef = 52CB576D2C84E3A700B29420 /* Base */; };
		52CB57702C84E3A900B29420 /* Assets.xcassets in Resources */ = {isa = PBXBuildFile; fileRef = 52CB576F2C84E3A900B29420 /* Assets.xcassets */; };
		52CB57732C84E3A900B29420 /* Base in Resources */ = {isa = PBXBuildFile; fileRef = 52CB57722C84E3A900B29420 /* Base */; };
		52CB577E2C84E3A900B29420 /* MusicAPITests.swift in Sources */ = {isa = PBXBuildFile; fileRef = 52CB577D2C84E3A900B29420 /* MusicAPITests.swift */; };
		52CB57882C84E3A900B29420 /* MusicAPIUITests.swift in Sources */ = {isa = PBXBuildFile; fileRef = 52CB57872C84E3A900B29420 /* MusicAPIUITests.swift */; };
		52CB578A2C84E3A900B29420 /* MusicAPIUITestsLaunchTests.swift in Sources */ = {isa = PBXBuildFile; fileRef = 52CB57892C84E3A900B29420 /* MusicAPIUITestsLaunchTests.swift */; };
		52CB57972C84E6C400B29420 /* Music.swift in Sources */ = {isa = PBXBuildFile; fileRef = 52CB57962C84E6C400B29420 /* Music.swift */; };
/* End PBXBuildFile section */

/* Begin PBXContainerItemProxy section */
		52CB577A2C84E3A900B29420 /* PBXContainerItemProxy */ = {
			isa = PBXContainerItemProxy;
			containerPortal = 52CB575B2C84E3A700B29420 /* Project object */;
			proxyType = 1;
			remoteGlobalIDString = 52CB57622C84E3A700B29420;
			remoteInfo = MusicAPI;
		};
		52CB57842C84E3A900B29420 /* PBXContainerItemProxy */ = {
			isa = PBXContainerItemProxy;
			containerPortal = 52CB575B2C84E3A700B29420 /* Project object */;
			proxyType = 1;
			remoteGlobalIDString = 52CB57622C84E3A700B29420;
			remoteInfo = MusicAPI;
		};
/* End PBXContainerItemProxy section */

/* Begin PBXFileReference section */
		52CB57632C84E3A700B29420 /* MusicAPI.app */ = {isa = PBXFileReference; explicitFileType = wrapper.application; includeInIndex = 0; path = MusicAPI.app; sourceTree = BUILT_PRODUCTS_DIR; };
		52CB57662C84E3A700B29420 /* AppDelegate.swift */ = {isa = PBXFileReference; lastKnownFileType = sourcecode.swift; path = AppDelegate.swift; sourceTree = "<group>"; };
		52CB57682C84E3A700B29420 /* SceneDelegate.swift */ = {isa = PBXFileReference; lastKnownFileType = sourcecode.swift; path = SceneDelegate.swift; sourceTree = "<group>"; };
		52CB576A2C84E3A700B29420 /* ViewController.swift */ = {isa = PBXFileReference; lastKnownFileType = sourcecode.swift; path = ViewController.swift; sourceTree = "<group>"; };
		52CB576D2C84E3A700B29420 /* Base */ = {isa = PBXFileReference; lastKnownFileType = file.storyboard; name = Base; path = Base.lproj/Main.storyboard; sourceTree = "<group>"; };
		52CB576F2C84E3A900B29420 /* Assets.xcassets */ = {isa = PBXFileReference; lastKnownFileType = folder.assetcatalog; path = Assets.xcassets; sourceTree = "<group>"; };
		52CB57722C84E3A900B29420 /* Base */ = {isa = PBXFileReference; lastKnownFileType = file.storyboard; name = Base; path = Base.lproj/LaunchScreen.storyboard; sourceTree = "<group>"; };
		52CB57742C84E3A900B29420 /* Info.plist */ = {isa = PBXFileReference; lastKnownFileType = text.plist.xml; path = Info.plist; sourceTree = "<group>"; };
		52CB57792C84E3A900B29420 /* MusicAPITests.xctest */ = {isa = PBXFileReference; explicitFileType = wrapper.cfbundle; includeInIndex = 0; path = MusicAPITests.xctest; sourceTree = BUILT_PRODUCTS_DIR; };
		52CB577D2C84E3A900B29420 /* MusicAPITests.swift */ = {isa = PBXFileReference; lastKnownFileType = sourcecode.swift; path = MusicAPITests.swift; sourceTree = "<group>"; };
		52CB57832C84E3A900B29420 /* MusicAPIUITests.xctest */ = {isa = PBXFileReference; explicitFileType = wrapper.cfbundle; includeInIndex = 0; path = MusicAPIUITests.xctest; sourceTree = BUILT_PRODUCTS_DIR; };
		52CB57872C84E3A900B29420 /* MusicAPIUITests.swift */ = {isa = PBXFileReference; lastKnownFileType = sourcecode.swift; path = MusicAPIUITests.swift; sourceTree = "<group>"; };
		52CB57892C84E3A900B29420 /* MusicAPIUITestsLaunchTests.swift */ = {isa = PBXFileReference; lastKnownFileType = sourcecode.swift; path = MusicAPIUITestsLaunchTests.swift; sourceTree = "<group>"; };
		52CB57962C84E6C400B29420 /* Music.swift */ = {isa = PBXFileReference; lastKnownFileType = sourcecode.swift; path = Music.swift; sourceTree = "<group>"; };
/* End PBXFileReference section */

/* Begin PBXFrameworksBuildPhase section */
		52CB57602C84E3A700B29420 /* Frameworks */ = {
			isa = PBXFrameworksBuildPhase;
			buildActionMask = 2147483647;
			files = (
			);
			runOnlyForDeploymentPostprocessing = 0;
		};
		52CB57762C84E3A900B29420 /* Frameworks */ = {
			isa = PBXFrameworksBuildPhase;
			buildActionMask = 2147483647;
			files = (
			);
			runOnlyForDeploymentPostprocessing = 0;
		};
		52CB57802C84E3A900B29420 /* Frameworks */ = {
			isa = PBXFrameworksBuildPhase;
			buildActionMask = 2147483647;
			files = (
			);
			runOnlyForDeploymentPostprocessing = 0;
		};
/* End PBXFrameworksBuildPhase section */

/* Begin PBXGroup section */
		52CB575A2C84E3A700B29420 = {
			isa = PBXGroup;
			children = (
				52CB57652C84E3A700B29420 /* MusicAPI */,
				52CB577C2C84E3A900B29420 /* MusicAPITests */,
				52CB57862C84E3A900B29420 /* MusicAPIUITests */,
				52CB57642C84E3A700B29420 /* Products */,
			);
			sourceTree = "<group>";
		};
		52CB57642C84E3A700B29420 /* Products */ = {
			isa = PBXGroup;
			children = (
				52CB57632C84E3A700B29420 /* MusicAPI.app */,
				52CB57792C84E3A900B29420 /* MusicAPITests.xctest */,
				52CB57832C84E3A900B29420 /* MusicAPIUITests.xctest */,
			);
			name = Products;
			sourceTree = "<group>";
		};
		52CB57652C84E3A700B29420 /* MusicAPI */ = {
			isa = PBXGroup;
			children = (
				52CB57662C84E3A700B29420 /* AppDelegate.swift */,
				52CB57682C84E3A700B29420 /* SceneDelegate.swift */,
				52CB576A2C84E3A700B29420 /* ViewController.swift */,
				52CB576C2C84E3A700B29420 /* Main.storyboard */,
				52CB576F2C84E3A900B29420 /* Assets.xcassets */,
				52CB57712C84E3A900B29420 /* LaunchScreen.storyboard */,
				52CB57742C84E3A900B29420 /* Info.plist */,
				52CB57962C84E6C400B29420 /* Music.swift */,
			);
			path = MusicAPI;
			sourceTree = "<group>";
		};
		52CB577C2C84E3A900B29420 /* MusicAPITests */ = {
			isa = PBXGroup;
			children = (
				52CB577D2C84E3A900B29420 /* MusicAPITests.swift */,
			);
			path = MusicAPITests;
			sourceTree = "<group>";
		};
		52CB57862C84E3A900B29420 /* MusicAPIUITests */ = {
			isa = PBXGroup;
			children = (
				52CB57872C84E3A900B29420 /* MusicAPIUITests.swift */,
				52CB57892C84E3A900B29420 /* MusicAPIUITestsLaunchTests.swift */,
			);
			path = MusicAPIUITests;
			sourceTree = "<group>";
		};
/* End PBXGroup section */

/* Begin PBXNativeTarget section */
		52CB57622C84E3A700B29420 /* MusicAPI */ = {
			isa = PBXNativeTarget;
			buildConfigurationList = 52CB578D2C84E3A900B29420 /* Build configuration list for PBXNativeTarget "MusicAPI" */;
			buildPhases = (
				52CB575F2C84E3A700B29420 /* Sources */,
				52CB57602C84E3A700B29420 /* Frameworks */,
				52CB57612C84E3A700B29420 /* Resources */,
			);
			buildRules = (
			);
			dependencies = (
			);
			name = MusicAPI;
			productName = MusicAPI;
			productReference = 52CB57632C84E3A700B29420 /* MusicAPI.app */;
			productType = "com.apple.product-type.application";
		};
		52CB57782C84E3A900B29420 /* MusicAPITests */ = {
			isa = PBXNativeTarget;
			buildConfigurationList = 52CB57902C84E3A900B29420 /* Build configuration list for PBXNativeTarget "MusicAPITests" */;
			buildPhases = (
				52CB57752C84E3A900B29420 /* Sources */,
				52CB57762C84E3A900B29420 /* Frameworks */,
				52CB57772C84E3A900B29420 /* Resources */,
			);
			buildRules = (
			);
			dependencies = (
				52CB577B2C84E3A900B29420 /* PBXTargetDependency */,
			);
			name = MusicAPITests;
			productName = MusicAPITests;
			productReference = 52CB57792C84E3A900B29420 /* MusicAPITests.xctest */;
			productType = "com.apple.product-type.bundle.unit-test";
		};
		52CB57822C84E3A900B29420 /* MusicAPIUITests */ = {
			isa = PBXNativeTarget;
			buildConfigurationList = 52CB57932C84E3A900B29420 /* Build configuration list for PBXNativeTarget "MusicAPIUITests" */;
			buildPhases = (
				52CB577F2C84E3A900B29420 /* Sources */,
				52CB57802C84E3A900B29420 /* Frameworks */,
				52CB57812C84E3A900B29420 /* Resources */,
			);
			buildRules = (
			);
			dependencies = (
				52CB57852C84E3A900B29420 /* PBXTargetDependency */,
			);
			name = MusicAPIUITests;
			productName = MusicAPIUITests;
			productReference = 52CB57832C84E3A900B29420 /* MusicAPIUITests.xctest */;
			productType = "com.apple.product-type.bundle.ui-testing";
		};
/* End PBXNativeTarget section */

/* Begin PBXProject section */
		52CB575B2C84E3A700B29420 /* Project object */ = {
			isa = PBXProject;
			attributes = {
				BuildIndependentTargetsInParallel = 1;
				LastSwiftUpdateCheck = 1540;
				LastUpgradeCheck = 1540;
				TargetAttributes = {
					52CB57622C84E3A700B29420 = {
						CreatedOnToolsVersion = 15.4;
					};
					52CB57782C84E3A900B29420 = {
						CreatedOnToolsVersion = 15.4;
						TestTargetID = 52CB57622C84E3A700B29420;
					};
					52CB57822C84E3A900B29420 = {
						CreatedOnToolsVersion = 15.4;
						TestTargetID = 52CB57622C84E3A700B29420;
					};
				};
			};
			buildConfigurationList = 52CB575E2C84E3A700B29420 /* Build configuration list for PBXProject "MusicAPI" */;
			compatibilityVersion = "Xcode 14.0";
			developmentRegion = en;
			hasScannedForEncodings = 0;
			knownRegions = (
				en,
				Base,
			);
			mainGroup = 52CB575A2C84E3A700B29420;
			productRefGroup = 52CB57642C84E3A700B29420 /* Products */;
			projectDirPath = "";
			projectRoot = "";
			targets = (
				52CB57622C84E3A700B29420 /* MusicAPI */,
				52CB57782C84E3A900B29420 /* MusicAPITests */,
				52CB57822C84E3A900B29420 /* MusicAPIUITests */,
			);
		};
/* End PBXProject section */

/* Begin PBXResourcesBuildPhase section */
		52CB57612C84E3A700B29420 /* Resources */ = {
			isa = PBXResourcesBuildPhase;
			buildActionMask = 2147483647;
			files = (
				52CB57702C84E3A900B29420 /* Assets.xcassets in Resources */,
				52CB57732C84E3A900B29420 /* Base in Resources */,
				52CB576E2C84E3A700B29420 /* Base in Resources */,
			);
			runOnlyForDeploymentPostprocessing = 0;
		};
		52CB57772C84E3A900B29420 /* Resources */ = {
			isa = PBXResourcesBuildPhase;
			buildActionMask = 2147483647;
			files = (
			);
			runOnlyForDeploymentPostprocessing = 0;
		};
		52CB57812C84E3A900B29420 /* Resources */ = {
			isa = PBXResourcesBuildPhase;
			buildActionMask = 2147483647;
			files = (
			);
			runOnlyForDeploymentPostprocessing = 0;
		};
/* End PBXResourcesBuildPhase section */

/* Begin PBXSourcesBuildPhase section */
		52CB575F2C84E3A700B29420 /* Sources */ = {
			isa = PBXSourcesBuildPhase;
			buildActionMask = 2147483647;
			files = (
				52CB576B2C84E3A700B29420 /* ViewController.swift in Sources */,
				52CB57672C84E3A700B29420 /* AppDelegate.swift in Sources */,
				52CB57692C84E3A700B29420 /* SceneDelegate.swift in Sources */,
				52CB57972C84E6C400B29420 /* Music.swift in Sources */,
			);
			runOnlyForDeploymentPostprocessing = 0;
		};
		52CB57752C84E3A900B29420 /* Sources */ = {
			isa = PBXSourcesBuildPhase;
			buildActionMask = 2147483647;
			files = (
				52CB577E2C84E3A900B29420 /* MusicAPITests.swift in Sources */,
			);
			runOnlyForDeploymentPostprocessing = 0;
		};
		52CB577F2C84E3A900B29420 /* Sources */ = {
			isa = PBXSourcesBuildPhase;
			buildActionMask = 2147483647;
			files = (
				52CB578A2C84E3A900B29420 /* MusicAPIUITestsLaunchTests.swift in Sources */,
				52CB57882C84E3A900B29420 /* MusicAPIUITests.swift in Sources */,
			);
			runOnlyForDeploymentPostprocessing = 0;
		};
/* End PBXSourcesBuildPhase section */

/* Begin PBXTargetDependency section */
		52CB577B2C84E3A900B29420 /* PBXTargetDependency */ = {
			isa = PBXTargetDependency;
			target = 52CB57622C84E3A700B29420 /* MusicAPI */;
			targetProxy = 52CB577A2C84E3A900B29420 /* PBXContainerItemProxy */;
		};
		52CB57852C84E3A900B29420 /* PBXTargetDependency */ = {
			isa = PBXTargetDependency;
			target = 52CB57622C84E3A700B29420 /* MusicAPI */;
			targetProxy = 52CB57842C84E3A900B29420 /* PBXContainerItemProxy */;
		};
/* End PBXTargetDependency section */

/* Begin PBXVariantGroup section */
		52CB576C2C84E3A700B29420 /* Main.storyboard */ = {
			isa = PBXVariantGroup;
			children = (
				52CB576D2C84E3A700B29420 /* Base */,
			);
			name = Main.storyboard;
			sourceTree = "<group>";
		};
		52CB57712C84E3A900B29420 /* LaunchScreen.storyboard */ = {
			isa = PBXVariantGroup;
			children = (
				52CB57722C84E3A900B29420 /* Base */,
			);
			name = LaunchScreen.storyboard;
			sourceTree = "<group>";
		};
/* End PBXVariantGroup section */

/* Begin XCBuildConfiguration section */
		52CB578B2C84E3A900B29420 /* Debug */ = {
			isa = XCBuildConfiguration;
			buildSettings = {
				ALWAYS_SEARCH_USER_PATHS = NO;
				ASSETCATALOG_COMPILER_GENERATE_SWIFT_ASSET_SYMBOL_EXTENSIONS = YES;
				CLANG_ANALYZER_NONNULL = YES;
				CLANG_ANALYZER_NUMBER_OBJECT_CONVERSION = YES_AGGRESSIVE;
				CLANG_CXX_LANGUAGE_STANDARD = "gnu++20";
				CLANG_ENABLE_MODULES = YES;
				CLANG_ENABLE_OBJC_ARC = YES;
				CLANG_ENABLE_OBJC_WEAK = YES;
				CLANG_WARN_BLOCK_CAPTURE_AUTORELEASING = YES;
				CLANG_WARN_BOOL_CONVERSION = YES;
				CLANG_WARN_COMMA = YES;
				CLANG_WARN_CONSTANT_CONVERSION = YES;
				CLANG_WARN_DEPRECATED_OBJC_IMPLEMENTATIONS = YES;
				CLANG_WARN_DIRECT_OBJC_ISA_USAGE = YES_ERROR;
				CLANG_WARN_DOCUMENTATION_COMMENTS = YES;
				CLANG_WARN_EMPTY_BODY = YES;
				CLANG_WARN_ENUM_CONVERSION = YES;
				CLANG_WARN_INFINITE_RECURSION = YES;
				CLANG_WARN_INT_CONVERSION = YES;
				CLANG_WARN_NON_LITERAL_NULL_CONVERSION = YES;
				CLANG_WARN_OBJC_IMPLICIT_RETAIN_SELF = YES;
				CLANG_WARN_OBJC_LITERAL_CONVERSION = YES;
				CLANG_WARN_OBJC_ROOT_CLASS = YES_ERROR;
				CLANG_WARN_QUOTED_INCLUDE_IN_FRAMEWORK_HEADER = YES;
				CLANG_WARN_RANGE_LOOP_ANALYSIS = YES;
				CLANG_WARN_STRICT_PROTOTYPES = YES;
				CLANG_WARN_SUSPICIOUS_MOVE = YES;
				CLANG_WARN_UNGUARDED_AVAILABILITY = YES_AGGRESSIVE;
				CLANG_WARN_UNREACHABLE_CODE = YES;
				CLANG_WARN__DUPLICATE_METHOD_MATCH = YES;
				COPY_PHASE_STRIP = NO;
				DEBUG_INFORMATION_FORMAT = dwarf;
				ENABLE_STRICT_OBJC_MSGSEND = YES;
				ENABLE_TESTABILITY = YES;
				ENABLE_USER_SCRIPT_SANDBOXING = YES;
				GCC_C_LANGUAGE_STANDARD = gnu17;
				GCC_DYNAMIC_NO_PIC = NO;
				GCC_NO_COMMON_BLOCKS = YES;
				GCC_OPTIMIZATION_LEVEL = 0;
				GCC_PREPROCESSOR_DEFINITIONS = (
					"DEBUG=1",
					"$(inherited)",
				);
				GCC_WARN_64_TO_32_BIT_CONVERSION = YES;
				GCC_WARN_ABOUT_RETURN_TYPE = YES_ERROR;
				GCC_WARN_UNDECLARED_SELECTOR = YES;
				GCC_WARN_UNINITIALIZED_AUTOS = YES_AGGRESSIVE;
				GCC_WARN_UNUSED_FUNCTION = YES;
				GCC_WARN_UNUSED_VARIABLE = YES;
				IPHONEOS_DEPLOYMENT_TARGET = 17.5;
				LOCALIZATION_PREFERS_STRING_CATALOGS = YES;
				MTL_ENABLE_DEBUG_INFO = INCLUDE_SOURCE;
				MTL_FAST_MATH = YES;
				ONLY_ACTIVE_ARCH = YES;
				SDKROOT = iphoneos;
				SWIFT_ACTIVE_COMPILATION_CONDITIONS = "DEBUG $(inherited)";
				SWIFT_OPTIMIZATION_LEVEL = "-Onone";
			};
			name = Debug;
		};
		52CB578C2C84E3A900B29420 /* Release */ = {
			isa = XCBuildConfiguration;
			buildSettings = {
				ALWAYS_SEARCH_USER_PATHS = NO;
				ASSETCATALOG_COMPILER_GENERATE_SWIFT_ASSET_SYMBOL_EXTENSIONS = YES;
				CLANG_ANALYZER_NONNULL = YES;
				CLANG_ANALYZER_NUMBER_OBJECT_CONVERSION = YES_AGGRESSIVE;
				CLANG_CXX_LANGUAGE_STANDARD = "gnu++20";
				CLANG_ENABLE_MODULES = YES;
				CLANG_ENABLE_OBJC_ARC = YES;
				CLANG_ENABLE_OBJC_WEAK = YES;
				CLANG_WARN_BLOCK_CAPTURE_AUTORELEASING = YES;
				CLANG_WARN_BOOL_CONVERSION = YES;
				CLANG_WARN_COMMA = YES;
				CLANG_WARN_CONSTANT_CONVERSION = YES;
				CLANG_WARN_DEPRECATED_OBJC_IMPLEMENTATIONS = YES;
				CLANG_WARN_DIRECT_OBJC_ISA_USAGE = YES_ERROR;
				CLANG_WARN_DOCUMENTATION_COMMENTS = YES;
				CLANG_WARN_EMPTY_BODY = YES;
				CLANG_WARN_ENUM_CONVERSION = YES;
				CLANG_WARN_INFINITE_RECURSION = YES;
				CLANG_WARN_INT_CONVERSION = YES;
				CLANG_WARN_NON_LITERAL_NULL_CONVERSION = YES;
				CLANG_WARN_OBJC_IMPLICIT_RETAIN_SELF = YES;
				CLANG_WARN_OBJC_LITERAL_CONVERSION = YES;
				CLANG_WARN_OBJC_ROOT_CLASS = YES_ERROR;
				CLANG_WARN_QUOTED_INCLUDE_IN_FRAMEWORK_HEADER = YES;
				CLANG_WARN_RANGE_LOOP_ANALYSIS = YES;
				CLANG_WARN_STRICT_PROTOTYPES = YES;
				CLANG_WARN_SUSPICIOUS_MOVE = YES;
				CLANG_WARN_UNGUARDED_AVAILABILITY = YES_AGGRESSIVE;
				CLANG_WARN_UNREACHABLE_CODE = YES;
				CLANG_WARN__DUPLICATE_METHOD_MATCH = YES;
				COPY_PHASE_STRIP = NO;
				DEBUG_INFORMATION_FORMAT = "dwarf-with-dsym";
				ENABLE_NS_ASSERTIONS = NO;
				ENABLE_STRICT_OBJC_MSGSEND = YES;
				ENABLE_USER_SCRIPT_SANDBOXING = YES;
				GCC_C_LANGUAGE_STANDARD = gnu17;
				GCC_NO_COMMON_BLOCKS = YES;
				GCC_WARN_64_TO_32_BIT_CONVERSION = YES;
				GCC_WARN_ABOUT_RETURN_TYPE = YES_ERROR;
				GCC_WARN_UNDECLARED_SELECTOR = YES;
				GCC_WARN_UNINITIALIZED_AUTOS = YES_AGGRESSIVE;
				GCC_WARN_UNUSED_FUNCTION = YES;
				GCC_WARN_UNUSED_VARIABLE = YES;
				IPHONEOS_DEPLOYMENT_TARGET = 17.5;
				LOCALIZATION_PREFERS_STRING_CATALOGS = YES;
				MTL_ENABLE_DEBUG_INFO = NO;
				MTL_FAST_MATH = YES;
				SDKROOT = iphoneos;
				SWIFT_COMPILATION_MODE = wholemodule;
				VALIDATE_PRODUCT = YES;
			};
			name = Release;
		};
		52CB578E2C84E3A900B29420 /* Debug */ = {
			isa = XCBuildConfiguration;
			buildSettings = {
				ASSETCATALOG_COMPILER_APPICON_NAME = AppIcon;
				ASSETCATALOG_COMPILER_GLOBAL_ACCENT_COLOR_NAME = AccentColor;
				CODE_SIGN_STYLE = Automatic;
				CURRENT_PROJECT_VERSION = 1;
				GENERATE_INFOPLIST_FILE = YES;
				INFOPLIST_FILE = MusicAPI/Info.plist;
				INFOPLIST_KEY_UIApplicationSupportsIndirectInputEvents = YES;
				INFOPLIST_KEY_UILaunchStoryboardName = LaunchScreen;
				INFOPLIST_KEY_UIMainStoryboardFile = Main;
				INFOPLIST_KEY_UISupportedInterfaceOrientations_iPad = "UIInterfaceOrientationPortrait UIInterfaceOrientationPortraitUpsideDown UIInterfaceOrientationLandscapeLeft UIInterfaceOrientationLandscapeRight";
				INFOPLIST_KEY_UISupportedInterfaceOrientations_iPhone = "UIInterfaceOrientationPortrait UIInterfaceOrientationLandscapeLeft UIInterfaceOrientationLandscapeRight";
				LD_RUNPATH_SEARCH_PATHS = (
					"$(inherited)",
					"@executable_path/Frameworks",
				);
				MARKETING_VERSION = 1.0;
				PRODUCT_BUNDLE_IDENTIFIER = app.kanno.kanchan.MusicAPI;
				PRODUCT_NAME = "$(TARGET_NAME)";
				SWIFT_EMIT_LOC_STRINGS = YES;
				SWIFT_VERSION = 5.0;
				TARGETED_DEVICE_FAMILY = "1,2";
			};
			name = Debug;
		};
		52CB578F2C84E3A900B29420 /* Release */ = {
			isa = XCBuildConfiguration;
			buildSettings = {
				ASSETCATALOG_COMPILER_APPICON_NAME = AppIcon;
				ASSETCATALOG_COMPILER_GLOBAL_ACCENT_COLOR_NAME = AccentColor;
				CODE_SIGN_STYLE = Automatic;
				CURRENT_PROJECT_VERSION = 1;
				GENERATE_INFOPLIST_FILE = YES;
				INFOPLIST_FILE = MusicAPI/Info.plist;
				INFOPLIST_KEY_UIApplicationSupportsIndirectInputEvents = YES;
				INFOPLIST_KEY_UILaunchStoryboardName = LaunchScreen;
				INFOPLIST_KEY_UIMainStoryboardFile = Main;
				INFOPLIST_KEY_UISupportedInterfaceOrientations_iPad = "UIInterfaceOrientationPortrait UIInterfaceOrientationPortraitUpsideDown UIInterfaceOrientationLandscapeLeft UIInterfaceOrientationLandscapeRight";
				INFOPLIST_KEY_UISupportedInterfaceOrientations_iPhone = "UIInterfaceOrientationPortrait UIInterfaceOrientationLandscapeLeft UIInterfaceOrientationLandscapeRight";
				LD_RUNPATH_SEARCH_PATHS = (
					"$(inherited)",
					"@executable_path/Frameworks",
				);
				MARKETING_VERSION = 1.0;
				PRODUCT_BUNDLE_IDENTIFIER = app.kanno.kanchan.MusicAPI;
				PRODUCT_NAME = "$(TARGET_NAME)";
				SWIFT_EMIT_LOC_STRINGS = YES;
				SWIFT_VERSION = 5.0;
				TARGETED_DEVICE_FAMILY = "1,2";
			};
			name = Release;
		};
		52CB57912C84E3A900B29420 /* Debug */ = {
			isa = XCBuildConfiguration;
			buildSettings = {
				ALWAYS_EMBED_SWIFT_STANDARD_LIBRARIES = YES;
				BUNDLE_LOADER = "$(TEST_HOST)";
				CODE_SIGN_STYLE = Automatic;
				CURRENT_PROJECT_VERSION = 1;
				GENERATE_INFOPLIST_FILE = YES;
				IPHONEOS_DEPLOYMENT_TARGET = 17.5;
				MARKETING_VERSION = 1.0;
				PRODUCT_BUNDLE_IDENTIFIER = app.kanno.kanchan.MusicAPITests;
				PRODUCT_NAME = "$(TARGET_NAME)";
				SWIFT_EMIT_LOC_STRINGS = NO;
				SWIFT_VERSION = 5.0;
				TARGETED_DEVICE_FAMILY = "1,2";
				TEST_HOST = "$(BUILT_PRODUCTS_DIR)/MusicAPI.app/$(BUNDLE_EXECUTABLE_FOLDER_PATH)/MusicAPI";
			};
			name = Debug;
		};
		52CB57922C84E3A900B29420 /* Release */ = {
			isa = XCBuildConfiguration;
			buildSettings = {
				ALWAYS_EMBED_SWIFT_STANDARD_LIBRARIES = YES;
				BUNDLE_LOADER = "$(TEST_HOST)";
				CODE_SIGN_STYLE = Automatic;
				CURRENT_PROJECT_VERSION = 1;
				GENERATE_INFOPLIST_FILE = YES;
				IPHONEOS_DEPLOYMENT_TARGET = 17.5;
				MARKETING_VERSION = 1.0;
				PRODUCT_BUNDLE_IDENTIFIER = app.kanno.kanchan.MusicAPITests;
				PRODUCT_NAME = "$(TARGET_NAME)";
				SWIFT_EMIT_LOC_STRINGS = NO;
				SWIFT_VERSION = 5.0;
				TARGETED_DEVICE_FAMILY = "1,2";
				TEST_HOST = "$(BUILT_PRODUCTS_DIR)/MusicAPI.app/$(BUNDLE_EXECUTABLE_FOLDER_PATH)/MusicAPI";
			};
			name = Release;
		};
		52CB57942C84E3A900B29420 /* Debug */ = {
			isa = XCBuildConfiguration;
			buildSettings = {
				ALWAYS_EMBED_SWIFT_STANDARD_LIBRARIES = YES;
				CODE_SIGN_STYLE = Automatic;
				CURRENT_PROJECT_VERSION = 1;
				GENERATE_INFOPLIST_FILE = YES;
				MARKETING_VERSION = 1.0;
				PRODUCT_BUNDLE_IDENTIFIER = app.kanno.kanchan.MusicAPIUITests;
				PRODUCT_NAME = "$(TARGET_NAME)";
				SWIFT_EMIT_LOC_STRINGS = NO;
				SWIFT_VERSION = 5.0;
				TARGETED_DEVICE_FAMILY = "1,2";
				TEST_TARGET_NAME = MusicAPI;
			};
			name = Debug;
		};
		52CB57952C84E3A900B29420 /* Release */ = {
			isa = XCBuildConfiguration;
			buildSettings = {
				ALWAYS_EMBED_SWIFT_STANDARD_LIBRARIES = YES;
				CODE_SIGN_STYLE = Automatic;
				CURRENT_PROJECT_VERSION = 1;
				GENERATE_INFOPLIST_FILE = YES;
				MARKETING_VERSION = 1.0;
				PRODUCT_BUNDLE_IDENTIFIER = app.kanno.kanchan.MusicAPIUITests;
				PRODUCT_NAME = "$(TARGET_NAME)";
				SWIFT_EMIT_LOC_STRINGS = NO;
				SWIFT_VERSION = 5.0;
				TARGETED_DEVICE_FAMILY = "1,2";
				TEST_TARGET_NAME = MusicAPI;
			};
			name = Release;
		};
/* End XCBuildConfiguration section */

/* Begin XCConfigurationList section */
		52CB575E2C84E3A700B29420 /* Build configuration list for PBXProject "MusicAPI" */ = {
			isa = XCConfigurationList;
			buildConfigurations = (
				52CB578B2C84E3A900B29420 /* Debug */,
				52CB578C2C84E3A900B29420 /* Release */,
			);
			defaultConfigurationIsVisible = 0;
			defaultConfigurationName = Release;
		};
		52CB578D2C84E3A900B29420 /* Build configuration list for PBXNativeTarget "MusicAPI" */ = {
			isa = XCConfigurationList;
			buildConfigurations = (
				52CB578E2C84E3A900B29420 /* Debug */,
				52CB578F2C84E3A900B29420 /* Release */,
			);
			defaultConfigurationIsVisible = 0;
			defaultConfigurationName = Release;
		};
		52CB57902C84E3A900B29420 /* Build configuration list for PBXNativeTarget "MusicAPITests" */ = {
			isa = XCConfigurationList;
			buildConfigurations = (
				52CB57912C84E3A900B29420 /* Debug */,
				52CB57922C84E3A900B29420 /* Release */,
			);
			defaultConfigurationIsVisible = 0;
			defaultConfigurationName = Release;
		};
		52CB57932C84E3A900B29420 /* Build configuration list for PBXNativeTarget "MusicAPIUITests" */ = {
			isa = XCConfigurationList;
			buildConfigurations = (
				52CB57942C84E3A900B29420 /* Debug */,
				52CB57952C84E3A900B29420 /* Release */,
			);
			defaultConfigurationIsVisible = 0;
			defaultConfigurationName = Release;
		};
/* End XCConfigurationList section */
	};
	rootObject = 52CB575B2C84E3A700B29420 /* Project object */;
}
